<?xml version="1.0" encoding="utf-8"?>
<Project ToolsVersion="4.0" xmlns="http://schemas.microsoft.com/developer/msbuild/2003">
  <ItemGroup>
    <Filter Include="system">
      <UniqueIdentifier>{22dd8095-74f9-46df-81a1-36675a040b1f}</UniqueIdentifier>
    </Filter>
    <Filter Include="RythmGame">
      <UniqueIdentifier>{75dbed72-0cb9-4364-80cf-e3641b077f41}</UniqueIdentifier>
    </Filter>
  </ItemGroup>
  <ItemGroup>
    <ClCompile Include="stdafx.cpp" />
    <ClCompile Include="main.cpp" />
    <ClCompile Include="system\system.cpp">
      <Filter>system</Filter>
    </ClCompile>
    <ClCompile Include="Game.cpp" />
    <ClCompile Include="Player.cpp" />
    <ClCompile Include="GameCamera.cpp" />
    <ClCompile Include="TitleState.cpp" />
    <ClCompile Include="InGameNomalState.cpp" />
    <ClCompile Include="InGameBossState.cpp" />
    <ClCompile Include="InGameRythmState.cpp" />
    <ClCompile Include="ResultState.cpp" />
    <ClCompile Include="SoundManager.cpp" />
    <ClCompile Include="Enemy.cpp" />
    <ClCompile Include="EnemyManager.cpp" />
    <ClCompile Include="PlayerAttack.cpp" />
    <ClCompile Include="Loading.cpp" />
    <ClCompile Include="PlayerUI.cpp" />
    <ClCompile Include="RythmGame.cpp">
      <Filter>RythmGame</Filter>
    </ClCompile>
    <ClCompile Include="Note.cpp">
      <Filter>RythmGame</Filter>
    </ClCompile>
    <ClCompile Include="ReadJSON.cpp">
      <Filter>RythmGame</Filter>
    </ClCompile>
    <ClCompile Include="HItEffect.cpp">
      <Filter>RythmGame</Filter>
    </ClCompile>
    <ClCompile Include="Stage.cpp" />
    <ClCompile Include="SkillButton.cpp" />
    <ClCompile Include="Boss.cpp" />
  </ItemGroup>
  <ItemGroup>
    <ClInclude Include="stdafx.h" />
    <ClInclude Include="system\system.h">
      <Filter>system</Filter>
    </ClInclude>
    <ClInclude Include="Game.h" />
    <ClInclude Include="Player.h" />
    <ClInclude Include="GameCamera.h" />
    <ClInclude Include="GameState.h" />
    <ClInclude Include="TitleState.h" />
    <ClInclude Include="InGameNomalState.h" />
    <ClInclude Include="InGameBossState.h" />
    <ClInclude Include="InGameRythmState.h" />
    <ClInclude Include="ResultState.h" />
    <ClInclude Include="SoundManager.h" />
    <ClInclude Include="Enemy.h" />
    <ClInclude Include="EnemyManager.h" />
    <ClInclude Include="PlayerAttack.h" />
    <ClInclude Include="Loading.h" />
    <ClInclude Include="PlayerUI.h" />
    <ClInclude Include="RythmGame.h">
      <Filter>RythmGame</Filter>
    </ClInclude>
    <ClInclude Include="Note.h">
      <Filter>RythmGame</Filter>
    </ClInclude>
    <ClInclude Include="Chart.h">
      <Filter>RythmGame</Filter>
    </ClInclude>
    <ClInclude Include="ReadJSON.h">
      <Filter>RythmGame</Filter>
    </ClInclude>
    <ClInclude Include="HitEffect.h">
      <Filter>RythmGame</Filter>
    </ClInclude>
    <ClInclude Include="Stage.h" />
    <ClInclude Include="SkillButton.h" />
    <ClInclude Include="Boss.h" />
  </ItemGroup>
</Project>